
Microsoft Visual Studio Solution File, Format Version 12.00
# Visual Studio Version 17
VisualStudioVersion = 17.7.34221.43
MinimumVisualStudioVersion = 10.0.40219.1
Project("{9A19103F-16F7-4668-BE54-9A1E7A4F7556}") = "AdminSysAPI", "AdminSysAPI.csproj", "{09B2D11B-1292-4214-9101-3403F35D2059}"
EndProject
Global
	GlobalSection(SolutionConfigurationPlatforms) = preSolution
		Debug|Any CPU = Debug|Any CPU
		Release|Any CPU = Release|Any CPU
	EndGlobalSection
	GlobalSection(ProjectConfigurationPlatforms) = postSolution
		{09B2D11B-1292-4214-9101-3403F35D2059}.Debug|Any CPU.ActiveCfg = Debug|Any CPU
		{09B2D11B-1292-4214-9101-3403F35D2059}.Debug|Any CPU.Build.0 = Debug|Any CPU
		{09B2D11B-1292-4214-9101-3403F35D2059}.Release|Any CPU.ActiveCfg = Release|Any CPU
		{09B2D11B-1292-4214-9101-3403F35D2059}.Release|Any CPU.Build.0 = Release|Any CPU
	EndGlobalSection
	GlobalSection(SolutionProperties) = preSolution
		HideSolutionNode = FALSE
	EndGlobalSection
	GlobalSection(ExtensibilityGlobals) = postSolution
		SolutionGuid = {085453DE-77EF-4A73-B253-5D609FF9A4C3}
	EndGlobalSection
EndGlobal
